
Microsoft Visual Studio Solution File, Format Version 12.00
# Visual Studio Version 17
VisualStudioVersion = 17.5.33530.505
MinimumVisualStudioVersion = 10.0.40219.1
Project("{FAE04EC0-301F-11D3-BF4B-00C04F79EFBC}") = "howto_3D_smooth_sphere", "howto_3D_smooth_sphere.csproj", "{CD9C64CF-D6DA-40B3-BA37-3BD1AF590251}"
EndProject
Global
	GlobalSection(SolutionConfigurationPlatforms) = preSolution
		Debug|Any CPU = Debug|Any CPU
		Release|Any CPU = Release|Any CPU
	EndGlobalSection
	GlobalSection(ProjectConfigurationPlatforms) = postSolution
		{CD9C64CF-D6DA-40B3-BA37-3BD1AF590251}.Debug|Any CPU.ActiveCfg = Debug|Any CPU
		{CD9C64CF-D6DA-40B3-BA37-3BD1AF590251}.Debug|Any CPU.Build.0 = Debug|Any CPU
		{CD9C64CF-D6DA-40B3-BA37-3BD1AF590251}.Release|Any CPU.ActiveCfg = Release|Any CPU
		{CD9C64CF-D6DA-40B3-BA37-3BD1AF590251}.Release|Any CPU.Build.0 = Release|Any CPU
	EndGlobalSection
	GlobalSection(SolutionProperties) = preSolution
		HideSolutionNode = FALSE
	EndGlobalSection
	GlobalSection(ExtensibilityGlobals) = postSolution
		SolutionGuid = {1C1E5A72-9B3D-4806-98AE-E83DB4BB7E72}
	EndGlobalSection
EndGlobal
